
Microsoft Visual Studio Solution File, Format Version 12.00
# Visual Studio Version 16
VisualStudioVersion = 16.0.30717.126
MinimumVisualStudioVersion = 10.0.40219.1
Project("{FAE04EC0-301F-11D3-BF4B-00C04F79EFBC}") = "HelloWorld", "HelloWorld.csproj", "{79E1E8C3-4E6F-4BD8-B89E-2F24821382E1}"
EndProject
Global
	GlobalSection(SolutionConfigurationPlatforms) = preSolution
		Debug|Any CPU = Debug|Any CPU
		Release|Any CPU = Release|Any CPU
	EndGlobalSection
	GlobalSection(ProjectConfigurationPlatforms) = postSolution
		{79E1E8C3-4E6F-4BD8-B89E-2F24821382E1}.Debug|Any CPU.ActiveCfg = Debug|Any CPU
		{79E1E8C3-4E6F-4BD8-B89E-2F24821382E1}.Debug|Any CPU.Build.0 = Debug|Any CPU
		{79E1E8C3-4E6F-4BD8-B89E-2F24821382E1}.Release|Any CPU.ActiveCfg = Release|Any CPU
		{79E1E8C3-4E6F-4BD8-B89E-2F24821382E1}.Release|Any CPU.Build.0 = Release|Any CPU
	EndGlobalSection
	GlobalSection(SolutionProperties) = preSolution
		HideSolutionNode = FALSE
	EndGlobalSection
	GlobalSection(ExtensibilityGlobals) = postSolution
		SolutionGuid = {D71BD6D7-B46D-471C-AEF8-216073A1447B}
	EndGlobalSection
EndGlobal
